
Microsoft Visual Studio Solution File, Format Version 11.00
# Visual Studio 2010
Project("{FAE04EC0-301F-11D3-BF4B-00C04F79EFBC}") = "Assembly-CSharp", "Assembly-CSharp.csproj", "{869a1a34-97cd-09e1-4c32-3789a3fafb55}"
EndProject
Project("{FAE04EC0-301F-11D3-BF4B-00C04F79EFBC}") = "Assembly-CSharp-firstpass", "Assembly-CSharp-firstpass.csproj", "{22ab7b35-a797-a8d2-b128-7f131b46e97f}"
EndProject
Project("{FAE04EC0-301F-11D3-BF4B-00C04F79EFBC}") = "Assembly-CSharp-Editor", "Assembly-CSharp-Editor.csproj", "{155aa418-549c-1488-1639-c65138afecd8}"
EndProject
Project("{FAE04EC0-301F-11D3-BF4B-00C04F79EFBC}") = "Assembly-CSharp-Editor-firstpass", "Assembly-CSharp-Editor-firstpass.csproj", "{63c46e60-92f1-c702-e527-8100f2ee4e37}"
EndProject
Global
	GlobalSection(SolutionConfigurationPlatforms) = preSolution
		Debug|Any CPU = Debug|Any CPU
	EndGlobalSection
	GlobalSection(ProjectConfigurationPlatforms) = postSolution
		{869a1a34-97cd-09e1-4c32-3789a3fafb55}.Debug|Any CPU.ActiveCfg = Debug|Any CPU
		{869a1a34-97cd-09e1-4c32-3789a3fafb55}.Debug|Any CPU.Build.0 = Debug|Any CPU
		{22ab7b35-a797-a8d2-b128-7f131b46e97f}.Debug|Any CPU.ActiveCfg = Debug|Any CPU
		{22ab7b35-a797-a8d2-b128-7f131b46e97f}.Debug|Any CPU.Build.0 = Debug|Any CPU
		{155aa418-549c-1488-1639-c65138afecd8}.Debug|Any CPU.ActiveCfg = Debug|Any CPU
		{155aa418-549c-1488-1639-c65138afecd8}.Debug|Any CPU.Build.0 = Debug|Any CPU
		{63c46e60-92f1-c702-e527-8100f2ee4e37}.Debug|Any CPU.ActiveCfg = Debug|Any CPU
		{63c46e60-92f1-c702-e527-8100f2ee4e37}.Debug|Any CPU.Build.0 = Debug|Any CPU
	EndGlobalSection
	GlobalSection(SolutionProperties) = preSolution
		HideSolutionNode = FALSE
	EndGlobalSection
EndGlobal
